
Microsoft Visual Studio Solution File, Format Version 12.00
Project("{FAE04EC0-301F-11D3-BF4B-00C04F79EFBC}") = "Array", "Array\Array.csproj", "{AEB461D9-2AC8-4B80-B162-E6D7B93E90FE}"
EndProject
Global
	GlobalSection(SolutionConfigurationPlatforms) = preSolution
		Debug|Any CPU = Debug|Any CPU
		Release|Any CPU = Release|Any CPU
	EndGlobalSection
	GlobalSection(ProjectConfigurationPlatforms) = postSolution
		{AEB461D9-2AC8-4B80-B162-E6D7B93E90FE}.Debug|Any CPU.ActiveCfg = Debug|Any CPU
		{AEB461D9-2AC8-4B80-B162-E6D7B93E90FE}.Debug|Any CPU.Build.0 = Debug|Any CPU
		{AEB461D9-2AC8-4B80-B162-E6D7B93E90FE}.Release|Any CPU.ActiveCfg = Release|Any CPU
		{AEB461D9-2AC8-4B80-B162-E6D7B93E90FE}.Release|Any CPU.Build.0 = Release|Any CPU
	EndGlobalSection
EndGlobal
